
Microsoft Visual Studio Solution File, Format Version 12.00
# Visual Studio 2013
VisualStudioVersion = 12.0.31101.0
MinimumVisualStudioVersion = 10.0.40219.1
Project("{FAE04EC0-301F-11D3-BF4B-00C04F79EFBC}") = "Comical", "Comical\Comical.csproj", "{35914A0E-9765-4594-A011-17BE47F01025}"
EndProject
Project("{FAE04EC0-301F-11D3-BF4B-00C04F79EFBC}") = "FileVersionViewer", "FileVersionViewer\FileVersionViewer.csproj", "{794736D9-6E7F-45FE-9F62-5F8B2EE4E8E8}"
EndProject
Project("{930C7802-8A8C-48F9-8165-68863BCCD9DD}") = "Setup", "Setup\Setup.wixproj", "{703293D2-9FA9-406D-8E6B-F5CEC3E19326}"
EndProject
Project("{FAE04EC0-301F-11D3-BF4B-00C04F79EFBC}") = "ComicalCore", "Comic\ComicalCore.csproj", "{9C92D548-FA74-4E71-A040-A24F3E93067F}"
EndProject
Project("{FAE04EC0-301F-11D3-BF4B-00C04F79EFBC}") = "CommonLibrary", "CommonLibrary\CommonLibrary.csproj", "{B9112E9D-0907-4F8E-9CB5-6815DCD81FE8}"
EndProject
Project("{8BC9CEB8-8B4A-11D0-8D11-00A0C91BC942}") = "ComicFileHandler", "ComicFileHandler\ComicFileHandler.vcxproj", "{DB009F18-6821-4290-B70D-309BEFCB61FC}"
EndProject
Global
	GlobalSection(SolutionConfigurationPlatforms) = preSolution
		Debug|x64 = Debug|x64
		Debug|x86 = Debug|x86
		Release|x64 = Release|x64
		Release|x86 = Release|x86
	EndGlobalSection
	GlobalSection(ProjectConfigurationPlatforms) = postSolution
		{35914A0E-9765-4594-A011-17BE47F01025}.Debug|x64.ActiveCfg = Debug|Any CPU
		{35914A0E-9765-4594-A011-17BE47F01025}.Debug|x64.Build.0 = Debug|Any CPU
		{35914A0E-9765-4594-A011-17BE47F01025}.Debug|x86.ActiveCfg = Debug|Any CPU
		{35914A0E-9765-4594-A011-17BE47F01025}.Debug|x86.Build.0 = Debug|Any CPU
		{35914A0E-9765-4594-A011-17BE47F01025}.Release|x64.ActiveCfg = Release|Any CPU
		{35914A0E-9765-4594-A011-17BE47F01025}.Release|x64.Build.0 = Release|Any CPU
		{35914A0E-9765-4594-A011-17BE47F01025}.Release|x86.ActiveCfg = Release|Any CPU
		{35914A0E-9765-4594-A011-17BE47F01025}.Release|x86.Build.0 = Release|Any CPU
		{794736D9-6E7F-45FE-9F62-5F8B2EE4E8E8}.Debug|x64.ActiveCfg = Debug|Any CPU
		{794736D9-6E7F-45FE-9F62-5F8B2EE4E8E8}.Debug|x64.Build.0 = Debug|Any CPU
		{794736D9-6E7F-45FE-9F62-5F8B2EE4E8E8}.Debug|x86.ActiveCfg = Debug|Any CPU
		{794736D9-6E7F-45FE-9F62-5F8B2EE4E8E8}.Debug|x86.Build.0 = Debug|Any CPU
		{794736D9-6E7F-45FE-9F62-5F8B2EE4E8E8}.Release|x64.ActiveCfg = Release|Any CPU
		{794736D9-6E7F-45FE-9F62-5F8B2EE4E8E8}.Release|x64.Build.0 = Release|Any CPU
		{794736D9-6E7F-45FE-9F62-5F8B2EE4E8E8}.Release|x86.ActiveCfg = Release|Any CPU
		{794736D9-6E7F-45FE-9F62-5F8B2EE4E8E8}.Release|x86.Build.0 = Release|Any CPU
		{703293D2-9FA9-406D-8E6B-F5CEC3E19326}.Debug|x64.ActiveCfg = Debug|x86
		{703293D2-9FA9-406D-8E6B-F5CEC3E19326}.Debug|x86.ActiveCfg = Debug|x86
		{703293D2-9FA9-406D-8E6B-F5CEC3E19326}.Release|x64.ActiveCfg = Release|x64
		{703293D2-9FA9-406D-8E6B-F5CEC3E19326}.Release|x86.ActiveCfg = Release|x86
		{9C92D548-FA74-4E71-A040-A24F3E93067F}.Debug|x64.ActiveCfg = Debug|Any CPU
		{9C92D548-FA74-4E71-A040-A24F3E93067F}.Debug|x64.Build.0 = Debug|Any CPU
		{9C92D548-FA74-4E71-A040-A24F3E93067F}.Debug|x86.ActiveCfg = Debug|Any CPU
		{9C92D548-FA74-4E71-A040-A24F3E93067F}.Debug|x86.Build.0 = Debug|Any CPU
		{9C92D548-FA74-4E71-A040-A24F3E93067F}.Release|x64.ActiveCfg = Release|Any CPU
		{9C92D548-FA74-4E71-A040-A24F3E93067F}.Release|x64.Build.0 = Release|Any CPU
		{9C92D548-FA74-4E71-A040-A24F3E93067F}.Release|x86.ActiveCfg = Release|Any CPU
		{9C92D548-FA74-4E71-A040-A24F3E93067F}.Release|x86.Build.0 = Release|Any CPU
		{B9112E9D-0907-4F8E-9CB5-6815DCD81FE8}.Debug|x64.ActiveCfg = Debug|Any CPU
		{B9112E9D-0907-4F8E-9CB5-6815DCD81FE8}.Debug|x64.Build.0 = Debug|Any CPU
		{B9112E9D-0907-4F8E-9CB5-6815DCD81FE8}.Debug|x86.ActiveCfg = Debug|Any CPU
		{B9112E9D-0907-4F8E-9CB5-6815DCD81FE8}.Debug|x86.Build.0 = Debug|Any CPU
		{B9112E9D-0907-4F8E-9CB5-6815DCD81FE8}.Release|x64.ActiveCfg = Release|Any CPU
		{B9112E9D-0907-4F8E-9CB5-6815DCD81FE8}.Release|x64.Build.0 = Release|Any CPU
		{B9112E9D-0907-4F8E-9CB5-6815DCD81FE8}.Release|x86.ActiveCfg = Release|Any CPU
		{B9112E9D-0907-4F8E-9CB5-6815DCD81FE8}.Release|x86.Build.0 = Release|Any CPU
		{DB009F18-6821-4290-B70D-309BEFCB61FC}.Debug|x64.ActiveCfg = Debug|x64
		{DB009F18-6821-4290-B70D-309BEFCB61FC}.Debug|x64.Build.0 = Debug|x64
		{DB009F18-6821-4290-B70D-309BEFCB61FC}.Debug|x86.ActiveCfg = Debug|x64
		{DB009F18-6821-4290-B70D-309BEFCB61FC}.Debug|x86.Build.0 = Debug|x64
		{DB009F18-6821-4290-B70D-309BEFCB61FC}.Release|x64.ActiveCfg = Release|x64
		{DB009F18-6821-4290-B70D-309BEFCB61FC}.Release|x64.Build.0 = Release|x64
		{DB009F18-6821-4290-B70D-309BEFCB61FC}.Release|x86.ActiveCfg = Release|Win32
		{DB009F18-6821-4290-B70D-309BEFCB61FC}.Release|x86.Build.0 = Release|Win32
	EndGlobalSection
	GlobalSection(SolutionProperties) = preSolution
		HideSolutionNode = FALSE
	EndGlobalSection
EndGlobal
